// !$*UTF8*$!
{
	archiveVersion = 1;
	classes = {
	};
	objectVersion = 50;
	objects = {

/* Begin PBXBuildFile section */
		43ECD6D4274384800077A36E /* AppDelegate.swift in Sources */ = {isa = PBXBuildFile; fileRef = 43ECD6D3274384800077A36E /* AppDelegate.swift */; };
		43ECD6D6274384800077A36E /* SceneDelegate.swift in Sources */ = {isa = PBXBuildFile; fileRef = 43ECD6D5274384800077A36E /* SceneDelegate.swift */; };
		43ECD6D8274384800077A36E /* ViewController.swift in Sources */ = {isa = PBXBuildFile; fileRef = 43ECD6D7274384800077A36E /* ViewController.swift */; };
		43ECD6DB274384800077A36E /* Main.storyboard in Resources */ = {isa = PBXBuildFile; fileRef = 43ECD6D9274384800077A36E /* Main.storyboard */; };
		43ECD6DD274384820077A36E /* Assets.xcassets in Resources */ = {isa = PBXBuildFile; fileRef = 43ECD6DC274384820077A36E /* Assets.xcassets */; };
		43ECD6E0274384830077A36E /* LaunchScreen.storyboard in Resources */ = {isa = PBXBuildFile; fileRef = 43ECD6DE274384830077A36E /* LaunchScreen.storyboard */; };
		43ECD6E8274386A70077A36E /* restaurant.swift in Sources */ = {isa = PBXBuildFile; fileRef = 43ECD6E7274386A70077A36E /* restaurant.swift */; };
		43ECD6EA274388B70077A36E /* bar.swift in Sources */ = {isa = PBXBuildFile; fileRef = 43ECD6E9274388B70077A36E /* bar.swift */; };
/* End PBXBuildFile section */

/* Begin PBXFileReference section */
		43ECD6D0274384800077A36E /* recommendation app.app */ = {isa = PBXFileReference; explicitFileType = wrapper.application; includeInIndex = 0; path = "recommendation app.app"; sourceTree = BUILT_PRODUCTS_DIR; };
		43ECD6D3274384800077A36E /* AppDelegate.swift */ = {isa = PBXFileReference; lastKnownFileType = sourcecode.swift; path = AppDelegate.swift; sourceTree = "<group>"; };
		43ECD6D5274384800077A36E /* SceneDelegate.swift */ = {isa = PBXFileReference; lastKnownFileType = sourcecode.swift; path = SceneDelegate.swift; sourceTree = "<group>"; };
		43ECD6D7274384800077A36E /* ViewController.swift */ = {isa = PBXFileReference; lastKnownFileType = sourcecode.swift; path = ViewController.swift; sourceTree = "<group>"; };
		43ECD6DA274384800077A36E /* Base */ = {isa = PBXFileReference; lastKnownFileType = file.storyboard; name = Base; path = Base.lproj/Main.storyboard; sourceTree = "<group>"; };
		43ECD6DC274384820077A36E /* Assets.xcassets */ = {isa = PBXFileReference; lastKnownFileType = folder.assetcatalog; path = Assets.xcassets; sourceTree = "<group>"; };
		43ECD6DF274384830077A36E /* Base */ = {isa = PBXFileReference; lastKnownFileType = file.storyboard; name = Base; path = Base.lproj/LaunchScreen.storyboard; sourceTree = "<group>"; };
		43ECD6E1274384830077A36E /* Info.plist */ = {isa = PBXFileReference; lastKnownFileType = text.plist.xml; path = Info.plist; sourceTree = "<group>"; };
		43ECD6E7274386A70077A36E /* restaurant.swift */ = {isa = PBXFileReference; lastKnownFileType = sourcecode.swift; path = restaurant.swift; sourceTree = "<group>"; };
		43ECD6E9274388B70077A36E /* bar.swift */ = {isa = PBXFileReference; lastKnownFileType = sourcecode.swift; path = bar.swift; sourceTree = "<group>"; };
/* End PBXFileReference section */

/* Begin PBXFrameworksBuildPhase section */
		43ECD6CD274384800077A36E /* Frameworks */ = {
			isa = PBXFrameworksBuildPhase;
			buildActionMask = 2147483647;
			files = (
			);
			runOnlyForDeploymentPostprocessing = 0;
		};
/* End PBXFrameworksBuildPhase section */

/* Begin PBXGroup section */
		43ECD6C7274384800077A36E = {
			isa = PBXGroup;
			children = (
				43ECD6D2274384800077A36E /* recommendation app */,
				43ECD6D1274384800077A36E /* Products */,
			);
			sourceTree = "<group>";
		};
		43ECD6D1274384800077A36E /* Products */ = {
			isa = PBXGroup;
			children = (
				43ECD6D0274384800077A36E /* recommendation app.app */,
			);
			name = Products;
			sourceTree = "<group>";
		};
		43ECD6D2274384800077A36E /* recommendation app */ = {
			isa = PBXGroup;
			children = (
				43ECD6D3274384800077A36E /* AppDelegate.swift */,
				43ECD6D5274384800077A36E /* SceneDelegate.swift */,
				43ECD6D7274384800077A36E /* ViewController.swift */,
				43ECD6D9274384800077A36E /* Main.storyboard */,
				43ECD6DC274384820077A36E /* Assets.xcassets */,
				43ECD6DE274384830077A36E /* LaunchScreen.storyboard */,
				43ECD6E1274384830077A36E /* Info.plist */,
				43ECD6E7274386A70077A36E /* restaurant.swift */,
				43ECD6E9274388B70077A36E /* bar.swift */,
			);
			path = "recommendation app";
			sourceTree = "<group>";
		};
/* End PBXGroup section */

/* Begin PBXNativeTarget section */
		43ECD6CF274384800077A36E /* recommendation app */ = {
			isa = PBXNativeTarget;
			buildConfigurationList = 43ECD6E4274384830077A36E /* Build configuration list for PBXNativeTarget "recommendation app" */;
			buildPhases = (
				43ECD6CC274384800077A36E /* Sources */,
				43ECD6CD274384800077A36E /* Frameworks */,
				43ECD6CE274384800077A36E /* Resources */,
			);
			buildRules = (
			);
			dependencies = (
			);
			name = "recommendation app";
			productName = "recommendation app";
			productReference = 43ECD6D0274384800077A36E /* recommendation app.app */;
			productType = "com.apple.product-type.application";
		};
/* End PBXNativeTarget section */

/* Begin PBXProject section */
		43ECD6C8274384800077A36E /* Project object */ = {
			isa = PBXProject;
			attributes = {
				LastSwiftUpdateCheck = 1250;
				LastUpgradeCheck = 1250;
				TargetAttributes = {
					43ECD6CF274384800077A36E = {
						CreatedOnToolsVersion = 12.5.1;
					};
				};
			};
			buildConfigurationList = 43ECD6CB274384800077A36E /* Build configuration list for PBXProject "recommendation app" */;
			compatibilityVersion = "Xcode 9.3";
			developmentRegion = en;
			hasScannedForEncodings = 0;
			knownRegions = (
				en,
				Base,
			);
			mainGroup = 43ECD6C7274384800077A36E;
			productRefGroup = 43ECD6D1274384800077A36E /* Products */;
			projectDirPath = "";
			projectRoot = "";
			targets = (
				43ECD6CF274384800077A36E /* recommendation app */,
			);
		};
/* End PBXProject section */

/* Begin PBXResourcesBuildPhase section */
		43ECD6CE274384800077A36E /* Resources */ = {
			isa = PBXResourcesBuildPhase;
			buildActionMask = 2147483647;
			files = (
				43ECD6E0274384830077A36E /* LaunchScreen.storyboard in Resources */,
				43ECD6DD274384820077A36E /* Assets.xcassets in Resources */,
				43ECD6DB274384800077A36E /* Main.storyboard in Resources */,
			);
			runOnlyForDeploymentPostprocessing = 0;
		};
/* End PBXResourcesBuildPhase section */

/* Begin PBXSourcesBuildPhase section */
		43ECD6CC274384800077A36E /* Sources */ = {
			isa = PBXSourcesBuildPhase;
			buildActionMask = 2147483647;
			files = (
				43ECD6E8274386A70077A36E /* restaurant.swift in Sources */,
				43ECD6D8274384800077A36E /* ViewController.swift in Sources */,
				43ECD6D4274384800077A36E /* AppDelegate.swift in Sources */,
				43ECD6EA274388B70077A36E /* bar.swift in Sources */,
				43ECD6D6274384800077A36E /* SceneDelegate.swift in Sources */,
			);
			runOnlyForDeploymentPostprocessing = 0;
		};
/* End PBXSourcesBuildPhase section */

/* Begin PBXVariantGroup section */
		43ECD6D9274384800077A36E /* Main.storyboard */ = {
			isa = PBXVariantGroup;
			children = (
				43ECD6DA274384800077A36E /* Base */,
			);
			name = Main.storyboard;
			sourceTree = "<group>";
		};
		43ECD6DE274384830077A36E /* LaunchScreen.storyboard */ = {
			isa = PBXVariantGroup;
			children = (
				43ECD6DF274384830077A36E /* Base */,
			);
			name = LaunchScreen.storyboard;
			sourceTree = "<group>";
		};
/* End PBXVariantGroup section */

/* Begin XCBuildConfiguration section */
		43ECD6E2274384830077A36E /* Debug */ = {
			isa = XCBuildConfiguration;
			buildSettings = {
				ALWAYS_SEARCH_USER_PATHS = NO;
				CLANG_ANALYZER_NONNULL = YES;
				CLANG_ANALYZER_NUMBER_OBJECT_CONVERSION = YES_AGGRESSIVE;
				CLANG_CXX_LANGUAGE_STANDARD = "gnu++14";
				CLANG_CXX_LIBRARY = "libc++";
				CLANG_ENABLE_MODULES = YES;
				CLANG_ENABLE_OBJC_ARC = YES;
				CLANG_ENABLE_OBJC_WEAK = YES;
				CLANG_WARN_BLOCK_CAPTURE_AUTORELEASING = YES;
				CLANG_WARN_BOOL_CONVERSION = YES;
				CLANG_WARN_COMMA = YES;
				CLANG_WARN_CONSTANT_CONVERSION = YES;
				CLANG_WARN_DEPRECATED_OBJC_IMPLEMENTATIONS = YES;
				CLANG_WARN_DIRECT_OBJC_ISA_USAGE = YES_ERROR;
				CLANG_WARN_DOCUMENTATION_COMMENTS = YES;
				CLANG_WARN_EMPTY_BODY = YES;
				CLANG_WARN_ENUM_CONVERSION = YES;
				CLANG_WARN_INFINITE_RECURSION = YES;
				CLANG_WARN_INT_CONVERSION = YES;
				CLANG_WARN_NON_LITERAL_NULL_CONVERSION = YES;
				CLANG_WARN_OBJC_IMPLICIT_RETAIN_SELF = YES;
				CLANG_WARN_OBJC_LITERAL_CONVERSION = YES;
				CLANG_WARN_OBJC_ROOT_CLASS = YES_ERROR;
				CLANG_WARN_QUOTED_INCLUDE_IN_FRAMEWORK_HEADER = YES;
				CLANG_WARN_RANGE_LOOP_ANALYSIS = YES;
				CLANG_WARN_STRICT_PROTOTYPES = YES;
				CLANG_WARN_SUSPICIOUS_MOVE = YES;
				CLANG_WARN_UNGUARDED_AVAILABILITY = YES_AGGRESSIVE;
				CLANG_WARN_UNREACHABLE_CODE = YES;
				CLANG_WARN__DUPLICATE_METHOD_MATCH = YES;
				COPY_PHASE_STRIP = NO;
				DEBUG_INFORMATION_FORMAT = dwarf;
				ENABLE_STRICT_OBJC_MSGSEND = YES;
				ENABLE_TESTABILITY = YES;
				GCC_C_LANGUAGE_STANDARD = gnu11;
				GCC_DYNAMIC_NO_PIC = NO;
				GCC_NO_COMMON_BLOCKS = YES;
				GCC_OPTIMIZATION_LEVEL = 0;
				GCC_PREPROCESSOR_DEFINITIONS = (
					"DEBUG=1",
					"$(inherited)",
				);
				GCC_WARN_64_TO_32_BIT_CONVERSION = YES;
				GCC_WARN_ABOUT_RETURN_TYPE = YES_ERROR;
				GCC_WARN_UNDECLARED_SELECTOR = YES;
				GCC_WARN_UNINITIALIZED_AUTOS = YES_AGGRESSIVE;
				GCC_WARN_UNUSED_FUNCTION = YES;
				GCC_WARN_UNUSED_VARIABLE = YES;
				IPHONEOS_DEPLOYMENT_TARGET = 14.5;
				MTL_ENABLE_DEBUG_INFO = INCLUDE_SOURCE;
				MTL_FAST_MATH = YES;
				ONLY_ACTIVE_ARCH = YES;
				SDKROOT = iphoneos;
				SWIFT_ACTIVE_COMPILATION_CONDITIONS = DEBUG;
				SWIFT_OPTIMIZATION_LEVEL = "-Onone";
			};
			name = Debug;
		};
		43ECD6E3274384830077A36E /* Release */ = {
			isa = XCBuildConfiguration;
			buildSettings = {
				ALWAYS_SEARCH_USER_PATHS = NO;
				CLANG_ANALYZER_NONNULL = YES;
				CLANG_ANALYZER_NUMBER_OBJECT_CONVERSION = YES_AGGRESSIVE;
				CLANG_CXX_LANGUAGE_STANDARD = "gnu++14";
				CLANG_CXX_LIBRARY = "libc++";
				CLANG_ENABLE_MODULES = YES;
				CLANG_ENABLE_OBJC_ARC = YES;
				CLANG_ENABLE_OBJC_WEAK = YES;
				CLANG_WARN_BLOCK_CAPTURE_AUTORELEASING = YES;
				CLANG_WARN_BOOL_CONVERSION = YES;
				CLANG_WARN_COMMA = YES;
				CLANG_WARN_CONSTANT_CONVERSION = YES;
				CLANG_WARN_DEPRECATED_OBJC_IMPLEMENTATIONS = YES;
				CLANG_WARN_DIRECT_OBJC_ISA_USAGE = YES_ERROR;
				CLANG_WARN_DOCUMENTATION_COMMENTS = YES;
				CLANG_WARN_EMPTY_BODY = YES;
				CLANG_WARN_ENUM_CONVERSION = YES;
				CLANG_WARN_INFINITE_RECURSION = YES;
				CLANG_WARN_INT_CONVERSION = YES;
				CLANG_WARN_NON_LITERAL_NULL_CONVERSION = YES;
				CLANG_WARN_OBJC_IMPLICIT_RETAIN_SELF = YES;
				CLANG_WARN_OBJC_LITERAL_CONVERSION = YES;
				CLANG_WARN_OBJC_ROOT_CLASS = YES_ERROR;
				CLANG_WARN_QUOTED_INCLUDE_IN_FRAMEWORK_HEADER = YES;
				CLANG_WARN_RANGE_LOOP_ANALYSIS = YES;
				CLANG_WARN_STRICT_PROTOTYPES = YES;
				CLANG_WARN_SUSPICIOUS_MOVE = YES;
				CLANG_WARN_UNGUARDED_AVAILABILITY = YES_AGGRESSIVE;
				CLANG_WARN_UNREACHABLE_CODE = YES;
				CLANG_WARN__DUPLICATE_METHOD_MATCH = YES;
				COPY_PHASE_STRIP = NO;
				DEBUG_INFORMATION_FORMAT = "dwarf-with-dsym";
				ENABLE_NS_ASSERTIONS = NO;
				ENABLE_STRICT_OBJC_MSGSEND = YES;
				GCC_C_LANGUAGE_STANDARD = gnu11;
				GCC_NO_COMMON_BLOCKS = YES;
				GCC_WARN_64_TO_32_BIT_CONVERSION = YES;
				GCC_WARN_ABOUT_RETURN_TYPE = YES_ERROR;
				GCC_WARN_UNDECLARED_SELECTOR = YES;
				GCC_WARN_UNINITIALIZED_AUTOS = YES_AGGRESSIVE;
				GCC_WARN_UNUSED_FUNCTION = YES;
				GCC_WARN_UNUSED_VARIABLE = YES;
				IPHONEOS_DEPLOYMENT_TARGET = 14.5;
				MTL_ENABLE_DEBUG_INFO = NO;
				MTL_FAST_MATH = YES;
				SDKROOT = iphoneos;
				SWIFT_COMPILATION_MODE = wholemodule;
				SWIFT_OPTIMIZATION_LEVEL = "-O";
				VALIDATE_PRODUCT = YES;
			};
			name = Release;
		};
		43ECD6E5274384830077A36E /* Debug */ = {
			isa = XCBuildConfiguration;
			buildSettings = {
				ASSETCATALOG_COMPILER_APPICON_NAME = AppIcon;
				ASSETCATALOG_COMPILER_GLOBAL_ACCENT_COLOR_NAME = AccentColor;
				CODE_SIGN_STYLE = Automatic;
				INFOPLIST_FILE = "recommendation app/Info.plist";
				LD_RUNPATH_SEARCH_PATHS = (
					"$(inherited)",
					"@executable_path/Frameworks",
				);
				PRODUCT_BUNDLE_IDENTIFIER = "jsjem.recommendation-app";
				PRODUCT_NAME = "$(TARGET_NAME)";
				SWIFT_VERSION = 5.0;
				TARGETED_DEVICE_FAMILY = "1,2";
			};
			name = Debug;
		};
		43ECD6E6274384830077A36E /* Release */ = {
			isa = XCBuildConfiguration;
			buildSettings = {
				ASSETCATALOG_COMPILER_APPICON_NAME = AppIcon;
				ASSETCATALOG_COMPILER_GLOBAL_ACCENT_COLOR_NAME = AccentColor;
				CODE_SIGN_STYLE = Automatic;
				INFOPLIST_FILE = "recommendation app/Info.plist";
				LD_RUNPATH_SEARCH_PATHS = (
					"$(inherited)",
					"@executable_path/Frameworks",
				);
				PRODUCT_BUNDLE_IDENTIFIER = "jsjem.recommendation-app";
				PRODUCT_NAME = "$(TARGET_NAME)";
				SWIFT_VERSION = 5.0;
				TARGETED_DEVICE_FAMILY = "1,2";
			};
			name = Release;
		};
/* End XCBuildConfiguration section */

/* Begin XCConfigurationList section */
		43ECD6CB274384800077A36E /* Build configuration list for PBXProject "recommendation app" */ = {
			isa = XCConfigurationList;
			buildConfigurations = (
				43ECD6E2274384830077A36E /* Debug */,
				43ECD6E3274384830077A36E /* Release */,
			);
			defaultConfigurationIsVisible = 0;
			defaultConfigurationName = Release;
		};
		43ECD6E4274384830077A36E /* Build configuration list for PBXNativeTarget "recommendation app" */ = {
			isa = XCConfigurationList;
			buildConfigurations = (
				43ECD6E5274384830077A36E /* Debug */,
				43ECD6E6274384830077A36E /* Release */,
			);
			defaultConfigurationIsVisible = 0;
			defaultConfigurationName = Release;
		};
/* End XCConfigurationList section */
	};
	rootObject = 43ECD6C8274384800077A36E /* Project object */;
}
